{
  "name": "agent-payment-policy",
  "version": "0.1.0-candidate.2",
  "lockfileVersion": 3,
  "requires": true,
  "packages": {
    "": {
      "name": "agent-payment-policy",
      "version": "0.1.0-candidate.2",
      "license": "MIT",
      "bin": {
        "agent-payment-policy": "cli.mjs"
      },
      "engines": {
        "node": ">=22"
      }
    }
  }
}
